
Microsoft Visual Studio Solution File, Format Version 12.00
# Visual Studio Version 16
VisualStudioVersion = 16.0.29806.167
MinimumVisualStudioVersion = 10.0.40219.1
Project("{9A19103F-16F7-4668-BE54-9A1E7A4F7556}") = "AFK", "AFK\AFK.csproj", "{582CF2AE-D3E3-40A3-8A79-AD9FDE865E2C}"
EndProject
Project("{2150E333-8FDC-42A3-9474-1A3956D46DE8}") = "WebUI", "WebUI", "{7CC0C593-2B73-4367-89EE-7105FB6B5543}"
EndProject
Project("{9A19103F-16F7-4668-BE54-9A1E7A4F7556}") = "Service", "Service\Service.csproj", "{CAB9A32D-3886-48A2-89B1-0C5C6B1655DD}"
EndProject
Project("{9A19103F-16F7-4668-BE54-9A1E7A4F7556}") = "EntityLibrary", "EntityLibrary\EntityLibrary.csproj", "{8A97AD4F-B13D-4425-A222-5BBD2BF142FA}"
EndProject
Project("{9A19103F-16F7-4668-BE54-9A1E7A4F7556}") = "CommonType", "CommonType\CommonType.csproj", "{7A8B0C01-E5BA-40CC-A221-5B41B7C16456}"
EndProject
Project("{9A19103F-16F7-4668-BE54-9A1E7A4F7556}") = "WebApi", "WebAPI\WebApi.csproj", "{8E84C617-2528-4E20-B45D-DEEC24C9A7CC}"
EndProject
Global
	GlobalSection(SolutionConfigurationPlatforms) = preSolution
		Debug|Any CPU = Debug|Any CPU
		Release|Any CPU = Release|Any CPU
	EndGlobalSection
	GlobalSection(ProjectConfigurationPlatforms) = postSolution
		{582CF2AE-D3E3-40A3-8A79-AD9FDE865E2C}.Debug|Any CPU.ActiveCfg = Debug|Any CPU
		{582CF2AE-D3E3-40A3-8A79-AD9FDE865E2C}.Debug|Any CPU.Build.0 = Debug|Any CPU
		{582CF2AE-D3E3-40A3-8A79-AD9FDE865E2C}.Release|Any CPU.ActiveCfg = Release|Any CPU
		{582CF2AE-D3E3-40A3-8A79-AD9FDE865E2C}.Release|Any CPU.Build.0 = Release|Any CPU
		{CAB9A32D-3886-48A2-89B1-0C5C6B1655DD}.Debug|Any CPU.ActiveCfg = Debug|Any CPU
		{CAB9A32D-3886-48A2-89B1-0C5C6B1655DD}.Debug|Any CPU.Build.0 = Debug|Any CPU
		{CAB9A32D-3886-48A2-89B1-0C5C6B1655DD}.Release|Any CPU.ActiveCfg = Release|Any CPU
		{CAB9A32D-3886-48A2-89B1-0C5C6B1655DD}.Release|Any CPU.Build.0 = Release|Any CPU
		{8A97AD4F-B13D-4425-A222-5BBD2BF142FA}.Debug|Any CPU.ActiveCfg = Debug|Any CPU
		{8A97AD4F-B13D-4425-A222-5BBD2BF142FA}.Debug|Any CPU.Build.0 = Debug|Any CPU
		{8A97AD4F-B13D-4425-A222-5BBD2BF142FA}.Release|Any CPU.ActiveCfg = Release|Any CPU
		{8A97AD4F-B13D-4425-A222-5BBD2BF142FA}.Release|Any CPU.Build.0 = Release|Any CPU
		{7A8B0C01-E5BA-40CC-A221-5B41B7C16456}.Debug|Any CPU.ActiveCfg = Debug|Any CPU
		{7A8B0C01-E5BA-40CC-A221-5B41B7C16456}.Debug|Any CPU.Build.0 = Debug|Any CPU
		{7A8B0C01-E5BA-40CC-A221-5B41B7C16456}.Release|Any CPU.ActiveCfg = Release|Any CPU
		{7A8B0C01-E5BA-40CC-A221-5B41B7C16456}.Release|Any CPU.Build.0 = Release|Any CPU
		{8E84C617-2528-4E20-B45D-DEEC24C9A7CC}.Debug|Any CPU.ActiveCfg = Debug|Any CPU
		{8E84C617-2528-4E20-B45D-DEEC24C9A7CC}.Debug|Any CPU.Build.0 = Debug|Any CPU
		{8E84C617-2528-4E20-B45D-DEEC24C9A7CC}.Release|Any CPU.ActiveCfg = Release|Any CPU
		{8E84C617-2528-4E20-B45D-DEEC24C9A7CC}.Release|Any CPU.Build.0 = Release|Any CPU
	EndGlobalSection
	GlobalSection(SolutionProperties) = preSolution
		HideSolutionNode = FALSE
	EndGlobalSection
	GlobalSection(NestedProjects) = preSolution
		{582CF2AE-D3E3-40A3-8A79-AD9FDE865E2C} = {7CC0C593-2B73-4367-89EE-7105FB6B5543}
	EndGlobalSection
	GlobalSection(ExtensibilityGlobals) = postSolution
		SolutionGuid = {2960E71D-4764-446F-ADED-7320C24F6A5E}
	EndGlobalSection
EndGlobal
